
Microsoft Visual Studio Solution File, Format Version 12.00
# Visual Studio Version 17
VisualStudioVersion = 17.7.34202.233
MinimumVisualStudioVersion = 10.0.40219.1
Project("{9A19103F-16F7-4668-BE54-9A1E7A4F7556}") = "backend", "backend\backend.csproj", "{147A71C2-0406-4654-A31E-AE8D204CDFD9}"
EndProject
Project("{9A19103F-16F7-4668-BE54-9A1E7A4F7556}") = "frontend", "frontend\frontend.csproj", "{DC55A91E-46D9-4C3C-827D-2FBE815102F9}"
EndProject
Global
	GlobalSection(SolutionConfigurationPlatforms) = preSolution
		Debug|Any CPU = Debug|Any CPU
		Release|Any CPU = Release|Any CPU
	EndGlobalSection
	GlobalSection(ProjectConfigurationPlatforms) = postSolution
		{147A71C2-0406-4654-A31E-AE8D204CDFD9}.Debug|Any CPU.ActiveCfg = Debug|Any CPU
		{147A71C2-0406-4654-A31E-AE8D204CDFD9}.Debug|Any CPU.Build.0 = Debug|Any CPU
		{147A71C2-0406-4654-A31E-AE8D204CDFD9}.Release|Any CPU.ActiveCfg = Release|Any CPU
		{147A71C2-0406-4654-A31E-AE8D204CDFD9}.Release|Any CPU.Build.0 = Release|Any CPU
		{DC55A91E-46D9-4C3C-827D-2FBE815102F9}.Debug|Any CPU.ActiveCfg = Debug|Any CPU
		{DC55A91E-46D9-4C3C-827D-2FBE815102F9}.Debug|Any CPU.Build.0 = Debug|Any CPU
		{DC55A91E-46D9-4C3C-827D-2FBE815102F9}.Release|Any CPU.ActiveCfg = Release|Any CPU
		{DC55A91E-46D9-4C3C-827D-2FBE815102F9}.Release|Any CPU.Build.0 = Release|Any CPU
	EndGlobalSection
	GlobalSection(SolutionProperties) = preSolution
		HideSolutionNode = FALSE
	EndGlobalSection
	GlobalSection(ExtensibilityGlobals) = postSolution
		SolutionGuid = {9F32FE2B-E2F6-4117-BECC-39988CF8FE1E}
	EndGlobalSection
EndGlobal
